{
  "version": 4,
  "terraform_version": "1.8.5",
  "serial": 131,
  "lineage": "7764b1cc-0701-a31c-0985-f928578c6e6d",
  "outputs": {},
  "resources": [
    {
      "mode": "data",
      "type": "huaweicloud_availability_zones",
      "name": "zones",
      "provider": "provider[\"registry.terraform.io/huaweicloud/huaweicloud\"]",
      "instances": [
        {
          "schema_version": 0,
          "attributes": {
            "id": "3120162365",
            "names": [
              "sa-brazil-1a",
              "sa-brazil-1b",
              "sa-brazil-1c"
            ],
            "region": "sa-brazil-1",
            "state": "available"
          },
          "sensitive_attributes": []
        }
      ]
    },
    {
      "mode": "data",
      "type": "huaweicloud_compute_flavors",
      "name": "data_ecs_flavor",
      "provider": "provider[\"registry.terraform.io/huaweicloud/huaweicloud\"]",
      "instances": [
        {
          "schema_version": 0,
          "attributes": {
            "availability_zone": "sa-brazil-1b",
            "cpu_core_count": 2,
            "flavors": [
              {
                "cpu_core_count": 2,
                "generation": "s6",
                "id": "s6.large.4",
                "memory_size": 8,
                "performance_type": "normal"
              },
              {
                "cpu_core_count": 2,
                "generation": "s7",
                "id": "s7n.large.4",
                "memory_size": 8,
                "performance_type": "normal"
              }
            ],
            "generation": null,
            "id": "2058151607",
            "ids": [
              "s6.large.4",
              "s7n.large.4"
            ],
            "memory_size": 8,
            "performance_type": "normal",
            "region": "sa-brazil-1"
          },
          "sensitive_attributes": []
        }
      ]
    },
    {
      "mode": "data",
      "type": "huaweicloud_gaussdb_mysql_flavors",
      "name": "data_gaussdb_flavors",
      "provider": "provider[\"registry.terraform.io/huaweicloud/huaweicloud\"]",
      "instances": [
        {
          "schema_version": 0,
          "attributes": {
            "availability_zone_mode": "single",
            "engine": "gaussdb-mysql",
            "flavors": [
              {
                "az_status": {
                  "sa-brazil-1b": "normal",
                  "sa-brazil-1c": "unsupported"
                },
                "memory": "8",
                "mode": "Cluster",
                "name": "gaussdb.mysql.large.x86.4",
                "type": "x86",
                "vcpus": "2",
                "version": "8.0"
              },
              {
                "az_status": {
                  "sa-brazil-1a": "unsupported",
                  "sa-brazil-1b": "normal",
                  "sa-brazil-1c": "unsupported"
                },
                "memory": "16",
                "mode": "Cluster",
                "name": "gaussdb.mysql.xlarge.x86.4",
                "type": "x86",
                "vcpus": "4",
                "version": "8.0"
              },
              {
                "az_status": {
                  "sa-brazil-1b": "normal",
                  "sa-brazil-1c": "unsupported"
                },
                "memory": "32",
                "mode": "Cluster",
                "name": "gaussdb.mysql.2xlarge.x86.4",
                "type": "x86",
                "vcpus": "8",
                "version": "8.0"
              },
              {
                "az_status": {
                  "sa-brazil-1b": "normal",
                  "sa-brazil-1c": "unsupported"
                },
                "memory": "64",
                "mode": "Cluster",
                "name": "gaussdb.mysql.4xlarge.x86.4",
                "type": "x86",
                "vcpus": "16",
                "version": "8.0"
              },
              {
                "az_status": {
                  "sa-brazil-1b": "normal",
                  "sa-brazil-1c": "unsupported"
                },
                "memory": "128",
                "mode": "Cluster",
                "name": "gaussdb.mysql.8xlarge.x86.4",
                "type": "x86",
                "vcpus": "32",
                "version": "8.0"
              },
              {
                "az_status": {
                  "sa-brazil-1b": "sellout",
                  "sa-brazil-1c": "unsupported"
                },
                "memory": "256",
                "mode": "Cluster",
                "name": "gaussdb.mysql.16xlarge.x86.4",
                "type": "x86",
                "vcpus": "60",
                "version": "8.0"
              }
            ],
            "id": "flavors",
            "region": null,
            "version": "8.0"
          },
          "sensitive_attributes": []
        }
      ]
    },
    {
      "mode": "data",
      "type": "huaweicloud_images_image",
      "name": "image_ubuntu",
      "provider": "provider[\"registry.terraform.io/huaweicloud/huaweicloud\"]",
      "instances": [
        {
          "schema_version": 0,
          "attributes": {
            "architecture": null,
            "backup_id": "",
            "checksum": "99914b932bd37a50b983c5e7c90ae93b",
            "container_format": "bare",
            "created_at": "2022-12-22T08:38:24Z",
            "disk_format": "zvhd2",
            "enterprise_project_id": "",
            "file": "/v2/images/5f67dd87-7685-4a71-ae63-1dca02fd724c/file",
            "flavor_id": null,
            "id": "5f67dd87-7685-4a71-ae63-1dca02fd724c",
            "image_type": "FusionCompute",
            "metadata": null,
            "min_disk_gb": 40,
            "min_ram_mb": 1024,
            "most_recent": true,
            "name": "Ubuntu 22.04 server 64bit",
            "name_regex": null,
            "os": "Ubuntu",
            "os_version": "Ubuntu 22.04 server 64bit",
            "owner": "0adeaa797000f2d12f4fc01a9300e506",
            "protected": true,
            "region": null,
            "schema": "/v2/schemas/image",
            "size_bytes": 2855313408,
            "size_max": null,
            "size_min": null,
            "sort_direction": "asc",
            "sort_key": "name",
            "status": "active",
            "tag": null,
            "updated_at": "2024-04-15T02:13:44Z",
            "visibility": "public"
          },
          "sensitive_attributes": []
        }
      ]
    },
    {
      "mode": "data",
      "type": "huaweicloud_rds_flavors",
      "name": "data_rds_flavor",
      "provider": "provider[\"registry.terraform.io/huaweicloud/huaweicloud\"]",
      "instances": [
        {
          "schema_version": 0,
          "attributes": {
            "availability_zone": null,
            "db_type": "MySQL",
            "db_version": "5.7",
            "flavors": [
              {
                "availability_zones": [
                  "sa-brazil-1b",
                  "sa-brazil-1a"
                ],
                "db_versions": [
                  "5.7"
                ],
                "group_type": "dedicated",
                "id": "57f2b5a7-db79-3db8-9b45-d5b31fe249d8",
                "instance_mode": "ha",
                "memory": 128,
                "mode": "ha",
                "name": "rds.mysql.x1.4xlarge.8.ha",
                "vcpus": 16
              },
              {
                "availability_zones": [
                  "sa-brazil-1a",
                  "sa-brazil-1b"
                ],
                "db_versions": [
                  "5.7"
                ],
                "group_type": "dedicated",
                "id": "5969ead5-118b-3ddb-8bc5-4ac9f8618ec9",
                "instance_mode": "ha",
                "memory": 8,
                "mode": "ha",
                "name": "rds.mysql.x1.large.4.ha",
                "vcpus": 2
              },
              {
                "availability_zones": [
                  "sa-brazil-1c",
                  "sa-brazil-1a",
                  "sa-brazil-1b"
                ],
                "db_versions": [
                  "5.7"
                ],
                "group_type": "general",
                "id": "a30bdec8-0094-3aa5-b8cc-89bfdcf778e9",
                "instance_mode": "ha",
                "memory": 4,
                "mode": "ha",
                "name": "rds.mysql.n1.large.2.ha",
                "vcpus": 2
              },
              {
                "availability_zones": [
                  "sa-brazil-1c",
                  "sa-brazil-1a",
                  "sa-brazil-1b"
                ],
                "db_versions": [
                  "5.7"
                ],
                "group_type": "general",
                "id": "7b928375-18e9-3162-abce-128787d100fd",
                "instance_mode": "ha",
                "memory": 8,
                "mode": "ha",
                "name": "rds.mysql.n1.xlarge.2.ha",
                "vcpus": 4
              },
              {
                "availability_zones": [
                  "sa-brazil-1a",
                  "sa-brazil-1b",
                  "sa-brazil-1c"
                ],
                "db_versions": [
                  "5.7"
                ],
                "group_type": "general",
                "id": "8567a5c0-4b8f-3ce6-aa95-e8a8b1cdd0e5",
                "instance_mode": "ha",
                "memory": 16,
                "mode": "ha",
                "name": "rds.mysql.n1.2xlarge.2.ha",
                "vcpus": 8
              },
              {
                "availability_zones": [
                  "sa-brazil-1b",
                  "sa-brazil-1c",
                  "sa-brazil-1a"
                ],
                "db_versions": [
                  "5.7"
                ],
                "group_type": "general",
                "id": "b715d078-c2d2-3d6b-bb23-860cdef2db4c",
                "instance_mode": "ha",
                "memory": 32,
                "mode": "ha",
                "name": "rds.mysql.n1.2xlarge.4.ha",
                "vcpus": 8
              },
              {
                "availability_zones": [
                  "sa-brazil-1a",
                  "sa-brazil-1b",
                  "sa-brazil-1c"
                ],
                "db_versions": [
                  "5.7"
                ],
                "group_type": "general",
                "id": "ea1abf2a-5f36-3ea5-93e0-0a88947fc80d",
                "instance_mode": "ha",
                "memory": 8,
                "mode": "ha",
                "name": "rds.mysql.n1.large.4.ha",
                "vcpus": 2
              },
              {
                "availability_zones": [
                  "sa-brazil-1a",
                  "sa-brazil-1b",
                  "sa-brazil-1c"
                ],
                "db_versions": [
                  "5.7"
                ],
                "group_type": "general",
                "id": "724937dc-b490-3c91-aa76-6280a2e79cb5",
                "instance_mode": "ha",
                "memory": 16,
                "mode": "ha",
                "name": "rds.mysql.n1.xlarge.4.ha",
                "vcpus": 4
              },
              {
                "availability_zones": [
                  "sa-brazil-1b"
                ],
                "db_versions": [
                  "5.7"
                ],
                "group_type": "dedicated",
                "id": "dce0abe1-9813-39fe-91bc-0ffe34aba0bd",
                "instance_mode": "ha",
                "memory": 64,
                "mode": "ha",
                "name": "rds.mysql.x1.2xlarge.8.ha",
                "vcpus": 8
              },
              {
                "availability_zones": [
                  "sa-brazil-1a",
                  "sa-brazil-1b"
                ],
                "db_versions": [
                  "5.7"
                ],
                "group_type": "dedicated",
                "id": "b98af266-fbad-38af-a0c5-7bbf54dc8a3e",
                "instance_mode": "ha",
                "memory": 16,
                "mode": "ha",
                "name": "rds.mysql.x1.xlarge.4.ha",
                "vcpus": 4
              },
              {
                "availability_zones": [
                  "sa-brazil-1a",
                  "sa-brazil-1b"
                ],
                "db_versions": [
                  "5.7"
                ],
                "group_type": "dedicated",
                "id": "10bd2bf3-0521-3347-945e-4bbda345997f",
                "instance_mode": "ha",
                "memory": 256,
                "mode": "ha",
                "name": "rds.mysql.x1.16xlarge.4.ha",
                "vcpus": 64
              },
              {
                "availability_zones": [
                  "sa-brazil-1b"
                ],
                "db_versions": [
                  "5.7"
                ],
                "group_type": "dedicated",
                "id": "cf2d1b5d-cae2-3350-b024-a5c57c53612e",
                "instance_mode": "ha",
                "memory": 128,
                "mode": "ha",
                "name": "rds.mysql.x1.16xlarge.2.ha",
                "vcpus": 64
              },
              {
                "availability_zones": [
                  "sa-brazil-1a",
                  "sa-brazil-1b"
                ],
                "db_versions": [
                  "5.7"
                ],
                "group_type": "dedicated",
                "id": "4649d01b-6b77-30de-a2fe-681701ec7e33",
                "instance_mode": "ha",
                "memory": 128,
                "mode": "ha",
                "name": "rds.mysql.x1.8xlarge.4.ha",
                "vcpus": 32
              },
              {
                "availability_zones": [
                  "sa-brazil-1a",
                  "sa-brazil-1b"
                ],
                "db_versions": [
                  "5.7"
                ],
                "group_type": "dedicated",
                "id": "24cc0f6b-6003-3ac7-becf-2c4901258d9e",
                "instance_mode": "ha",
                "memory": 32,
                "mode": "ha",
                "name": "rds.mysql.x1.xlarge.8.ha",
                "vcpus": 4
              },
              {
                "availability_zones": [
                  "sa-brazil-1a",
                  "sa-brazil-1b"
                ],
                "db_versions": [
                  "5.7"
                ],
                "group_type": "dedicated",
                "id": "3c30fa56-42c3-32f6-94ec-e7bd7689e511",
                "instance_mode": "ha",
                "memory": 4,
                "mode": "ha",
                "name": "rds.mysql.x1.large.2.ha",
                "vcpus": 2
              },
              {
                "availability_zones": [
                  "sa-brazil-1a",
                  "sa-brazil-1b"
                ],
                "db_versions": [
                  "5.7"
                ],
                "group_type": "dedicated",
                "id": "6923a534-dcfc-3d51-9d53-694baf2e9f98",
                "instance_mode": "ha",
                "memory": 32,
                "mode": "ha",
                "name": "rds.mysql.x1.2xlarge.4.ha",
                "vcpus": 8
              },
              {
                "availability_zones": [
                  "sa-brazil-1a",
                  "sa-brazil-1b"
                ],
                "db_versions": [
                  "5.7"
                ],
                "group_type": "dedicated",
                "id": "5c718806-3f09-37de-99a3-cdbab8a37af4",
                "instance_mode": "ha",
                "memory": 16,
                "mode": "ha",
                "name": "rds.mysql.x1.2xlarge.2.ha",
                "vcpus": 8
              },
              {
                "availability_zones": [
                  "sa-brazil-1a",
                  "sa-brazil-1b"
                ],
                "db_versions": [
                  "5.7"
                ],
                "group_type": "dedicated",
                "id": "7d2a5ca6-b95f-3c5a-ac34-1269345e2dab",
                "instance_mode": "ha",
                "memory": 32,
                "mode": "ha",
                "name": "rds.mysql.x1.4xlarge.2.ha",
                "vcpus": 16
              },
              {
                "availability_zones": [
                  "sa-brazil-1a",
                  "sa-brazil-1b"
                ],
                "db_versions": [
                  "5.7"
                ],
                "group_type": "dedicated",
                "id": "0362b0dc-84e7-3538-9968-6dfa8d06aefc",
                "instance_mode": "ha",
                "memory": 64,
                "mode": "ha",
                "name": "rds.mysql.x1.8xlarge.2.ha",
                "vcpus": 32
              },
              {
                "availability_zones": [
                  "sa-brazil-1a",
                  "sa-brazil-1b"
                ],
                "db_versions": [
                  "5.7"
                ],
                "group_type": "dedicated",
                "id": "6314877f-c472-306f-a066-59009f07a5c2",
                "instance_mode": "ha",
                "memory": 8,
                "mode": "ha",
                "name": "rds.mysql.x1.xlarge.2.ha",
                "vcpus": 4
              },
              {
                "availability_zones": [
                  "sa-brazil-1a",
                  "sa-brazil-1b"
                ],
                "db_versions": [
                  "5.7"
                ],
                "group_type": "dedicated",
                "id": "7e3518d3-ec69-3fa1-a4a0-ef247c02c50c",
                "instance_mode": "ha",
                "memory": 512,
                "mode": "ha",
                "name": "rds.mysql.x1.16xlarge.8.ha",
                "vcpus": 64
              },
              {
                "availability_zones": [
                  "sa-brazil-1a",
                  "sa-brazil-1b"
                ],
                "db_versions": [
                  "5.7"
                ],
                "group_type": "dedicated",
                "id": "b9ff4034-6f95-3c63-8664-b4a63c312c76",
                "instance_mode": "ha",
                "memory": 64,
                "mode": "ha",
                "name": "rds.mysql.x1.4xlarge.4.ha",
                "vcpus": 16
              }
            ],
            "group_type": null,
            "id": "1205196942",
            "instance_mode": "ha",
            "memory": null,
            "region": null,
            "vcpus": null
          },
          "sensitive_attributes": []
        }
      ]
    },
    {
      "mode": "data",
      "type": "huaweicloud_rds_instances",
      "name": "data_rds_instance",
      "provider": "provider[\"registry.terraform.io/huaweicloud/huaweicloud\"]",
      "instances": [
        {
          "schema_version": 0,
          "attributes": {
            "datastore_type": null,
            "enterprise_project_id": null,
            "id": "0",
            "instances": [],
            "name": "rds-instance",
            "region": null,
            "subnet_id": null,
            "type": null,
            "vpc_id": null
          },
          "sensitive_attributes": []
        }
      ]
    },
    {
      "mode": "managed",
      "type": "huaweicloud_compute_eip_associate",
      "name": "ecs1-eip1-associate",
      "provider": "provider[\"registry.terraform.io/huaweicloud/huaweicloud\"]",
      "instances": [
        {
          "schema_version": 0,
          "attributes": {
            "bandwidth_id": null,
            "fixed_ip": "172.16.0.229",
            "id": "101.44.194.171/527ec975-5b55-4f6e-98b7-a477210388ae/172.16.0.229",
            "instance_id": "527ec975-5b55-4f6e-98b7-a477210388ae",
            "port_id": "249d2591-ecde-4792-ab45-e4bcc7b0c347",
            "public_ip": "101.44.194.171",
            "region": "sa-brazil-1",
            "timeouts": null
          },
          "sensitive_attributes": [],
          "private": "eyJlMmJmYjczMC1lY2FhLTExZTYtOGY4OC0zNDM2M2JjN2M0YzAiOnsiY3JlYXRlIjo2MDAwMDAwMDAwMDB9fQ==",
          "dependencies": [
            "data.huaweicloud_availability_zones.zones",
            "data.huaweicloud_compute_flavors.data_ecs_flavor",
            "data.huaweicloud_images_image.image_ubuntu",
            "huaweicloud_compute_instance.ecs-1",
            "huaweicloud_networking_secgroup.secgroup-1",
            "huaweicloud_vpc.my_vpc",
            "huaweicloud_vpc_eip.eip-1",
            "huaweicloud_vpc_subnet.subnet-ecs-1"
          ]
        }
      ]
    },
    {
      "mode": "managed",
      "type": "huaweicloud_compute_instance",
      "name": "ecs-1",
      "provider": "provider[\"registry.terraform.io/huaweicloud/huaweicloud\"]",
      "instances": [
        {
          "schema_version": 0,
          "attributes": {
            "access_ip_v4": "172.16.0.229",
            "access_ip_v6": "",
            "admin_pass": "hu@wei753",
            "agency_name": "",
            "agent_list": "",
            "auto_pay": null,
            "auto_renew": null,
            "auto_terminate_time": "",
            "availability_zone": "sa-brazil-1b",
            "bandwidth": [],
            "charging_mode": "postPaid",
            "created_at": "2024-06-17T13:02:18Z",
            "data_disks": [],
            "delete_disks_on_termination": null,
            "delete_eip_on_termination": true,
            "description": "",
            "eip_id": null,
            "eip_type": null,
            "enterprise_project_id": "0",
            "flavor_id": "s6.large.4",
            "flavor_name": "s6.large.4",
            "hostname": "ecs-1",
            "id": "527ec975-5b55-4f6e-98b7-a477210388ae",
            "image_id": "5f67dd87-7685-4a71-ae63-1dca02fd724c",
            "image_name": "Ubuntu 22.04 server 64bit",
            "key_pair": null,
            "metadata": null,
            "name": "ecs-1",
            "network": [
              {
                "access_network": false,
                "fixed_ip_v4": "172.16.0.229",
                "fixed_ip_v6": "",
                "ipv6_enable": false,
                "mac": "fa:16:8e:ac:9c:81",
                "port": "249d2591-ecde-4792-ab45-e4bcc7b0c347",
                "source_dest_check": true,
                "uuid": "02247cd2-64b4-4986-a631-37ad97f30f27"
              }
            ],
            "period": null,
            "period_unit": null,
            "power_action": null,
            "private_key": null,
            "public_ip": "101.44.194.171",
            "region": "sa-brazil-1",
            "scheduler_hints": [],
            "security_group_ids": [
              "5cc09179-296e-4db8-9842-2ab4374e7fa2"
            ],
            "security_groups": [
              "secgroup-1"
            ],
            "spot_duration": null,
            "spot_duration_count": null,
            "spot_maximum_price": null,
            "status": "ACTIVE",
            "stop_before_destroy": false,
            "system_disk_dss_pool_id": null,
            "system_disk_id": "bf2e5ce7-ce0a-4082-852a-9c6b36772e3a",
            "system_disk_iops": 0,
            "system_disk_kms_key_id": "",
            "system_disk_size": 40,
            "system_disk_throughput": 0,
            "system_disk_type": "GPSSD",
            "tags": {},
            "timeouts": null,
            "updated_at": "2024-06-17T13:03:22Z",
            "user_data": null,
            "user_id": null,
            "volume_attached": [
              {
                "boot_index": 0,
                "kms_key_id": "",
                "pci_address": "0000:02:01.0",
                "size": 40,
                "type": "GPSSD",
                "volume_id": "bf2e5ce7-ce0a-4082-852a-9c6b36772e3a"
              }
            ]
          },
          "sensitive_attributes": [
            [
              {
                "type": "get_attr",
                "value": "private_key"
              }
            ],
            [
              {
                "type": "get_attr",
                "value": "admin_pass"
              }
            ]
          ],
          "private": "eyJlMmJmYjczMC1lY2FhLTExZTYtOGY4OC0zNDM2M2JjN2M0YzAiOnsiY3JlYXRlIjoxODAwMDAwMDAwMDAwLCJkZWxldGUiOjE4MDAwMDAwMDAwMDAsInVwZGF0ZSI6MTgwMDAwMDAwMDAwMH19",
          "dependencies": [
            "data.huaweicloud_availability_zones.zones",
            "data.huaweicloud_compute_flavors.data_ecs_flavor",
            "data.huaweicloud_images_image.image_ubuntu",
            "huaweicloud_networking_secgroup.secgroup-1",
            "huaweicloud_vpc.my_vpc",
            "huaweicloud_vpc_subnet.subnet-ecs-1"
          ]
        }
      ]
    },
    {
      "mode": "managed",
      "type": "huaweicloud_gaussdb_mysql_instance",
      "name": "gaussdb_instance_1",
      "provider": "provider[\"registry.terraform.io/huaweicloud/huaweicloud\"]",
      "instances": [
        {
          "schema_version": 0,
          "attributes": {
            "audit_log_enabled": false,
            "auto_pay": null,
            "auto_renew": null,
            "availability_zone_mode": "single",
            "backup_strategy": [
              {
                "keep_days": 7,
                "start_time": "02:00-03:00"
              }
            ],
            "charging_mode": null,
            "configuration_id": "43570e0de32e40c5a15f831aa5ce4176pr07",
            "configuration_name": "Default-GaussDB-for-MySQL 8.0",
            "datastore": [
              {
                "engine": "gaussdb-mysql",
                "version": "8.0.22"
              }
            ],
            "db_user_name": "root",
            "dedicated_resource_id": "",
            "dedicated_resource_name": null,
            "enterprise_project_id": null,
            "flavor": "gaussdb.mysql.2xlarge.x86.4",
            "force_import": null,
            "id": "24d8da898ef1472e822018074f8db9f3in07",
            "master_availability_zone": "sa-brazil-1b",
            "mode": "Cluster",
            "name": "gaussdb_instance_1",
            "nodes": [
              {
                "availability_zone": "sa-brazil-1b",
                "id": "571a5ec2515b40f18c25da1d688be632no07",
                "name": "gaussdb_instance_1_node02",
                "private_read_ip": "172.16.1.207",
                "status": "ACTIVE",
                "type": "slave"
              },
              {
                "availability_zone": "sa-brazil-1b",
                "id": "cc865e784374468794a8118a3bc7b4deno07",
                "name": "gaussdb_instance_1_node01",
                "private_read_ip": "172.16.1.67",
                "status": "ACTIVE",
                "type": "master"
              }
            ],
            "password": "hu@wei753",
            "period": null,
            "period_unit": null,
            "port": 3306,
            "private_write_ip": "172.16.1.41",
            "proxy_address": "",
            "proxy_flavor": "",
            "proxy_node_num": 0,
            "proxy_port": 0,
            "read_replicas": 1,
            "region": "sa-brazil-1",
            "security_group_id": "5cc09179-296e-4db8-9842-2ab4374e7fa2",
            "sql_filter_enabled": false,
            "status": "ACTIVE",
            "subnet_id": "b7745358-5e97-4986-8714-2e3872cd8b6f",
            "table_name_case_sensitivity": null,
            "tags": {},
            "time_zone": "UTC+08:00",
            "timeouts": null,
            "volume_size": 0,
            "vpc_id": "a320499f-b001-4e1e-a9a6-ed33392b0f9c"
          },
          "sensitive_attributes": [
            [
              {
                "type": "get_attr",
                "value": "password"
              }
            ]
          ],
          "private": "eyJlMmJmYjczMC1lY2FhLTExZTYtOGY4OC0zNDM2M2JjN2M0YzAiOnsiY3JlYXRlIjozNjAwMDAwMDAwMDAwLCJkZWxldGUiOjE4MDAwMDAwMDAwMDAsInVwZGF0ZSI6MzYwMDAwMDAwMDAwMH19",
          "dependencies": [
            "data.huaweicloud_availability_zones.zones",
            "huaweicloud_networking_secgroup.secgroup-1",
            "huaweicloud_vpc.my_vpc",
            "huaweicloud_vpc_subnet.subnet-db-1"
          ]
        }
      ]
    },
    {
      "mode": "managed",
      "type": "huaweicloud_networking_secgroup",
      "name": "secgroup-1",
      "provider": "provider[\"registry.terraform.io/huaweicloud/huaweicloud\"]",
      "instances": [
        {
          "schema_version": 0,
          "attributes": {
            "created_at": "2024-06-17T13:02:00Z",
            "delete_default_rules": null,
            "description": "Secgroup for TF test",
            "enterprise_project_id": "0",
            "id": "5cc09179-296e-4db8-9842-2ab4374e7fa2",
            "name": "secgroup-1",
            "region": "sa-brazil-1",
            "rules": [
              {
                "action": "allow",
                "description": "",
                "direction": "ingress",
                "ethertype": "IPv4",
                "id": "fe032bf8-f949-4daa-85a9-170ce33db3af",
                "port_range_max": 0,
                "port_range_min": 0,
                "ports": "",
                "priority": 1,
                "protocol": "tcp",
                "remote_address_group_id": "",
                "remote_group_id": "",
                "remote_ip_prefix": "0.0.0.0/0"
              },
              {
                "action": "allow",
                "description": "",
                "direction": "ingress",
                "ethertype": "IPv4",
                "id": "2ede7a32-d7e8-4946-bea8-671bb536abd9",
                "port_range_max": 80,
                "port_range_min": 80,
                "ports": "80",
                "priority": 1,
                "protocol": "tcp",
                "remote_address_group_id": "",
                "remote_group_id": "",
                "remote_ip_prefix": "0.0.0.0/0"
              },
              {
                "action": "allow",
                "description": "",
                "direction": "ingress",
                "ethertype": "IPv4",
                "id": "b3e54a91-aaa8-4029-833b-03b3ffd824fd",
                "port_range_max": 22,
                "port_range_min": 22,
                "ports": "22",
                "priority": 1,
                "protocol": "tcp",
                "remote_address_group_id": "",
                "remote_group_id": "",
                "remote_ip_prefix": "0.0.0.0/0"
              },
              {
                "action": "allow",
                "description": "",
                "direction": "ingress",
                "ethertype": "IPv4",
                "id": "cc82c4e4-57f2-4e98-a5df-9f6ca6c2ff34",
                "port_range_max": 3306,
                "port_range_min": 3306,
                "ports": "3306",
                "priority": 1,
                "protocol": "tcp",
                "remote_address_group_id": "",
                "remote_group_id": "",
                "remote_ip_prefix": "0.0.0.0/0"
              },
              {
                "action": "allow",
                "description": "",
                "direction": "ingress",
                "ethertype": "IPv4",
                "id": "eb494e5c-81b3-4bc7-961c-0049208e82fb",
                "port_range_max": 443,
                "port_range_min": 443,
                "ports": "443",
                "priority": 1,
                "protocol": "tcp",
                "remote_address_group_id": "",
                "remote_group_id": "",
                "remote_ip_prefix": "0.0.0.0/0"
              },
              {
                "action": "allow",
                "description": "",
                "direction": "ingress",
                "ethertype": "IPv6",
                "id": "e9068b16-25db-46cf-9f5a-efcc5984d4f0",
                "port_range_max": 0,
                "port_range_min": 0,
                "ports": "",
                "priority": 100,
                "protocol": "",
                "remote_address_group_id": "",
                "remote_group_id": "5cc09179-296e-4db8-9842-2ab4374e7fa2",
                "remote_ip_prefix": ""
              },
              {
                "action": "allow",
                "description": "",
                "direction": "egress",
                "ethertype": "IPv6",
                "id": "6854b461-6669-46b4-830d-0d07adf60ea9",
                "port_range_max": 0,
                "port_range_min": 0,
                "ports": "",
                "priority": 100,
                "protocol": "",
                "remote_address_group_id": "",
                "remote_group_id": "",
                "remote_ip_prefix": ""
              },
              {
                "action": "allow",
                "description": "",
                "direction": "egress",
                "ethertype": "IPv4",
                "id": "1061eca0-cd17-4653-ab2f-87e3cc246271",
                "port_range_max": 0,
                "port_range_min": 0,
                "ports": "",
                "priority": 100,
                "protocol": "",
                "remote_address_group_id": "",
                "remote_group_id": "",
                "remote_ip_prefix": ""
              },
              {
                "action": "allow",
                "description": "",
                "direction": "ingress",
                "ethertype": "IPv4",
                "id": "f953ddca-c53c-4aa3-9441-3b6f5f04d8e2",
                "port_range_max": 0,
                "port_range_min": 0,
                "ports": "",
                "priority": 100,
                "protocol": "",
                "remote_address_group_id": "",
                "remote_group_id": "5cc09179-296e-4db8-9842-2ab4374e7fa2",
                "remote_ip_prefix": ""
              }
            ],
            "timeouts": null,
            "updated_at": "2024-06-17T13:02:00Z"
          },
          "sensitive_attributes": [],
          "private": "eyJlMmJmYjczMC1lY2FhLTExZTYtOGY4OC0zNDM2M2JjN2M0YzAiOnsiZGVsZXRlIjo2MDAwMDAwMDAwMDB9fQ=="
        }
      ]
    },
    {
      "mode": "managed",
      "type": "huaweicloud_networking_secgroup_rule",
      "name": "http_acess_port",
      "provider": "provider[\"registry.terraform.io/huaweicloud/huaweicloud\"]",
      "instances": [
        {
          "schema_version": 0,
          "attributes": {
            "action": "allow",
            "description": "",
            "direction": "ingress",
            "ethertype": "IPv4",
            "id": "2ede7a32-d7e8-4946-bea8-671bb536abd9",
            "port_range_max": 80,
            "port_range_min": 80,
            "ports": "80",
            "priority": 1,
            "protocol": "tcp",
            "region": "sa-brazil-1",
            "remote_address_group_id": "",
            "remote_group_id": "",
            "remote_ip_prefix": "0.0.0.0/0",
            "security_group_id": "5cc09179-296e-4db8-9842-2ab4374e7fa2",
            "timeouts": null
          },
          "sensitive_attributes": [],
          "private": "eyJlMmJmYjczMC1lY2FhLTExZTYtOGY4OC0zNDM2M2JjN2M0YzAiOnsiZGVsZXRlIjo2MDAwMDAwMDAwMDB9fQ==",
          "dependencies": [
            "huaweicloud_networking_secgroup.secgroup-1"
          ]
        }
      ]
    },
    {
      "mode": "managed",
      "type": "huaweicloud_networking_secgroup_rule",
      "name": "https_acess_port",
      "provider": "provider[\"registry.terraform.io/huaweicloud/huaweicloud\"]",
      "instances": [
        {
          "schema_version": 0,
          "attributes": {
            "action": "allow",
            "description": "",
            "direction": "ingress",
            "ethertype": "IPv4",
            "id": "eb494e5c-81b3-4bc7-961c-0049208e82fb",
            "port_range_max": 443,
            "port_range_min": 443,
            "ports": "443",
            "priority": 1,
            "protocol": "tcp",
            "region": "sa-brazil-1",
            "remote_address_group_id": "",
            "remote_group_id": "",
            "remote_ip_prefix": "0.0.0.0/0",
            "security_group_id": "5cc09179-296e-4db8-9842-2ab4374e7fa2",
            "timeouts": null
          },
          "sensitive_attributes": [],
          "private": "eyJlMmJmYjczMC1lY2FhLTExZTYtOGY4OC0zNDM2M2JjN2M0YzAiOnsiZGVsZXRlIjo2MDAwMDAwMDAwMDB9fQ==",
          "dependencies": [
            "huaweicloud_networking_secgroup.secgroup-1"
          ]
        }
      ]
    },
    {
      "mode": "managed",
      "type": "huaweicloud_networking_secgroup_rule",
      "name": "icmp_acess_port",
      "provider": "provider[\"registry.terraform.io/huaweicloud/huaweicloud\"]",
      "instances": [
        {
          "schema_version": 0,
          "attributes": {
            "action": "allow",
            "description": "",
            "direction": "ingress",
            "ethertype": "IPv4",
            "id": "fe032bf8-f949-4daa-85a9-170ce33db3af",
            "port_range_max": 0,
            "port_range_min": 0,
            "ports": "",
            "priority": 1,
            "protocol": "tcp",
            "region": "sa-brazil-1",
            "remote_address_group_id": "",
            "remote_group_id": "",
            "remote_ip_prefix": "0.0.0.0/0",
            "security_group_id": "5cc09179-296e-4db8-9842-2ab4374e7fa2",
            "timeouts": null
          },
          "sensitive_attributes": [],
          "private": "eyJlMmJmYjczMC1lY2FhLTExZTYtOGY4OC0zNDM2M2JjN2M0YzAiOnsiZGVsZXRlIjo2MDAwMDAwMDAwMDB9fQ==",
          "dependencies": [
            "huaweicloud_networking_secgroup.secgroup-1"
          ]
        }
      ]
    },
    {
      "mode": "managed",
      "type": "huaweicloud_networking_secgroup_rule",
      "name": "linux-acess-port",
      "provider": "provider[\"registry.terraform.io/huaweicloud/huaweicloud\"]",
      "instances": [
        {
          "schema_version": 0,
          "attributes": {
            "action": "allow",
            "description": "",
            "direction": "ingress",
            "ethertype": "IPv4",
            "id": "b3e54a91-aaa8-4029-833b-03b3ffd824fd",
            "port_range_max": 22,
            "port_range_min": 22,
            "ports": "22",
            "priority": 1,
            "protocol": "tcp",
            "region": "sa-brazil-1",
            "remote_address_group_id": "",
            "remote_group_id": "",
            "remote_ip_prefix": "0.0.0.0/0",
            "security_group_id": "5cc09179-296e-4db8-9842-2ab4374e7fa2",
            "timeouts": null
          },
          "sensitive_attributes": [],
          "private": "eyJlMmJmYjczMC1lY2FhLTExZTYtOGY4OC0zNDM2M2JjN2M0YzAiOnsiZGVsZXRlIjo2MDAwMDAwMDAwMDB9fQ==",
          "dependencies": [
            "huaweicloud_networking_secgroup.secgroup-1"
          ]
        }
      ]
    },
    {
      "mode": "managed",
      "type": "huaweicloud_networking_secgroup_rule",
      "name": "mysql_acess_port",
      "provider": "provider[\"registry.terraform.io/huaweicloud/huaweicloud\"]",
      "instances": [
        {
          "schema_version": 0,
          "attributes": {
            "action": "allow",
            "description": "",
            "direction": "ingress",
            "ethertype": "IPv4",
            "id": "cc82c4e4-57f2-4e98-a5df-9f6ca6c2ff34",
            "port_range_max": 3306,
            "port_range_min": 3306,
            "ports": "3306",
            "priority": 1,
            "protocol": "tcp",
            "region": "sa-brazil-1",
            "remote_address_group_id": "",
            "remote_group_id": "",
            "remote_ip_prefix": "0.0.0.0/0",
            "security_group_id": "5cc09179-296e-4db8-9842-2ab4374e7fa2",
            "timeouts": null
          },
          "sensitive_attributes": [],
          "private": "eyJlMmJmYjczMC1lY2FhLTExZTYtOGY4OC0zNDM2M2JjN2M0YzAiOnsiZGVsZXRlIjo2MDAwMDAwMDAwMDB9fQ==",
          "dependencies": [
            "huaweicloud_networking_secgroup.secgroup-1"
          ]
        }
      ]
    },
    {
      "mode": "managed",
      "type": "huaweicloud_rds_instance",
      "name": "rds-1_instance",
      "provider": "provider[\"registry.terraform.io/huaweicloud/huaweicloud\"]",
      "instances": [
        {
          "schema_version": 0,
          "attributes": {
            "auto_pay": null,
            "auto_renew": null,
            "availability_zone": [
              "sa-brazil-1a",
              "sa-brazil-1b"
            ],
            "backup_strategy": [
              {
                "keep_days": 7,
                "period": "1,2,3,4,5,6,7",
                "start_time": "02:00-03:00"
              }
            ],
            "binlog_retention_hours": 0,
            "charging_mode": "postPaid",
            "collation": "",
            "created": "2024-06-17T13:32:18+0000",
            "db": [
              {
                "password": "hu@wei753",
                "port": 3306,
                "type": "MySQL",
                "user_name": "root",
                "version": "5.7"
              }
            ],
            "description": "",
            "dss_pool_id": null,
            "enterprise_project_id": "0",
            "fixed_ip": "172.16.1.194",
            "flavor": "rds.mysql.x1.large.4.ha",
            "ha_replication_mode": "async",
            "id": "4f0256b5b6484dcca55eb0252e2deb35in01",
            "lower_case_table_names": null,
            "maintain_begin": "18:00",
            "maintain_end": "22:00",
            "msdtc_hosts": [],
            "name": "rds-1_instance",
            "nodes": [
              {
                "availability_zone": "sa-brazil-1b",
                "id": "77bf50ebfd754636ada656eb7202946cno01",
                "name": "rds-1_instance_node1",
                "role": "slave",
                "status": "ACTIVE"
              },
              {
                "availability_zone": "sa-brazil-1a",
                "id": "fe68815ee13f4e71a23cb16fe9fef139no01",
                "name": "rds-1_instance_node0",
                "role": "master",
                "status": "ACTIVE"
              }
            ],
            "param_group_id": null,
            "parameters": [],
            "period": null,
            "period_unit": null,
            "power_action": null,
            "private_dns_name_prefix": "4f0256b5b6484dcca55eb0252e2deb35in01",
            "private_dns_names": [
              "4f0256b5b6484dcca55eb0252e2deb35in01.internal.sa-brazil-1.mysql.rds.myhuaweicloud.com"
            ],
            "private_ips": [
              "172.16.1.194"
            ],
            "public_ips": [],
            "read_write_permissions": null,
            "region": "sa-brazil-1",
            "restore": [],
            "rotate_day": null,
            "seconds_level_monitoring_enabled": false,
            "seconds_level_monitoring_interval": 0,
            "secret_id": null,
            "secret_name": null,
            "secret_version": null,
            "security_group_id": "5cc09179-296e-4db8-9842-2ab4374e7fa2",
            "slow_log_show_original_status": null,
            "ssl_enable": false,
            "status": "ACTIVE",
            "subnet_id": "b7745358-5e97-4986-8714-2e3872cd8b6f",
            "switch_strategy": "reliability",
            "tags": null,
            "tde_enabled": null,
            "time_zone": "UTC",
            "timeouts": null,
            "volume": [
              {
                "disk_encryption_id": "",
                "limit_size": 0,
                "size": 40,
                "trigger_threshold": 0,
                "type": "CLOUDSSD"
              }
            ],
            "vpc_id": "a320499f-b001-4e1e-a9a6-ed33392b0f9c"
          },
          "sensitive_attributes": [
            [
              {
                "type": "get_attr",
                "value": "db"
              },
              {
                "type": "index",
                "value": {
                  "value": 0,
                  "type": "number"
                }
              },
              {
                "type": "get_attr",
                "value": "password"
              }
            ]
          ],
          "private": "eyJlMmJmYjczMC1lY2FhLTExZTYtOGY4OC0zNDM2M2JjN2M0YzAiOnsiY3JlYXRlIjoxODAwMDAwMDAwMDAwLCJkZWZhdWx0Ijo5MDAwMDAwMDAwMDAsImRlbGV0ZSI6MTgwMDAwMDAwMDAwMCwicmVhZCI6OTAwMDAwMDAwMDAwLCJ1cGRhdGUiOjE4MDAwMDAwMDAwMDB9fQ==",
          "dependencies": [
            "data.huaweicloud_availability_zones.zones",
            "huaweicloud_networking_secgroup.secgroup-1",
            "huaweicloud_vpc.my_vpc",
            "huaweicloud_vpc_subnet.subnet-db-1"
          ]
        }
      ]
    },
    {
      "mode": "managed",
      "type": "huaweicloud_vpc",
      "name": "my_vpc",
      "provider": "provider[\"registry.terraform.io/huaweicloud/huaweicloud\"]",
      "instances": [
        {
          "schema_version": 0,
          "attributes": {
            "cidr": "172.16.0.0/16",
            "description": "",
            "enterprise_project_id": "0",
            "id": "a320499f-b001-4e1e-a9a6-ed33392b0f9c",
            "name": "my_vpc",
            "region": "sa-brazil-1",
            "routes": [],
            "secondary_cidr": null,
            "secondary_cidrs": [],
            "status": "OK",
            "tags": {},
            "timeouts": null
          },
          "sensitive_attributes": [],
          "private": "eyJlMmJmYjczMC1lY2FhLTExZTYtOGY4OC0zNDM2M2JjN2M0YzAiOnsiY3JlYXRlIjo2MDAwMDAwMDAwMDAsImRlbGV0ZSI6MTgwMDAwMDAwMDAwfX0="
        }
      ]
    },
    {
      "mode": "managed",
      "type": "huaweicloud_vpc_eip",
      "name": "eip-1",
      "provider": "provider[\"registry.terraform.io/huaweicloud/huaweicloud\"]",
      "instances": [
        {
          "schema_version": 0,
          "attributes": {
            "address": "101.44.194.171",
            "associate_id": "249d2591-ecde-4792-ab45-e4bcc7b0c347",
            "associate_type": "PORT",
            "auto_pay": null,
            "auto_renew": null,
            "bandwidth": [
              {
                "charge_mode": "traffic",
                "id": "e13851b8-7a59-422a-804f-8c0a141390ba",
                "name": "bandwith-eip-1",
                "share_type": "PER",
                "size": 100
              }
            ],
            "charging_mode": "postPaid",
            "created_at": "2024-06-17 13:02:00",
            "enterprise_project_id": "0",
            "id": "3f426d5a-f35a-498d-b8a0-087f616895bf",
            "instance_id": "",
            "instance_type": "",
            "ipv6_address": "",
            "name": "",
            "period": null,
            "period_unit": null,
            "port_id": "249d2591-ecde-4792-ab45-e4bcc7b0c347",
            "private_ip": "172.16.0.229",
            "publicip": [
              {
                "ip_address": "101.44.194.171",
                "ip_version": 4,
                "port_id": "249d2591-ecde-4792-ab45-e4bcc7b0c347",
                "type": "5_bgp"
              }
            ],
            "region": "sa-brazil-1",
            "status": "BOUND",
            "tags": {},
            "timeouts": null,
            "updated_at": "2024-06-17T13:03:21Z"
          },
          "sensitive_attributes": [],
          "private": "eyJlMmJmYjczMC1lY2FhLTExZTYtOGY4OC0zNDM2M2JjN2M0YzAiOnsiY3JlYXRlIjo2MDAwMDAwMDAwMDAsImRlbGV0ZSI6MzAwMDAwMDAwMDAwLCJ1cGRhdGUiOjMwMDAwMDAwMDAwMH19"
        }
      ]
    },
    {
      "mode": "managed",
      "type": "huaweicloud_vpc_subnet",
      "name": "subnet-db-1",
      "provider": "provider[\"registry.terraform.io/huaweicloud/huaweicloud\"]",
      "instances": [
        {
          "schema_version": 0,
          "attributes": {
            "availability_zone": "sa-brazil-1b",
            "cidr": "172.16.1.0/24",
            "description": "",
            "dhcp_enable": true,
            "dhcp_lease_time": "87600h",
            "dns_list": [
              "100.125.1.22",
              "100.125.1.90"
            ],
            "gateway_ip": "172.16.1.1",
            "id": "b7745358-5e97-4986-8714-2e3872cd8b6f",
            "ipv4_subnet_id": "4c9ce489-d57f-4832-8cd7-e0a63178eb43",
            "ipv6_cidr": "",
            "ipv6_enable": false,
            "ipv6_gateway": "",
            "ipv6_subnet_id": "",
            "name": "subnet-db-1",
            "ntp_server_address": null,
            "primary_dns": "100.125.1.22",
            "region": "sa-brazil-1",
            "secondary_dns": "100.125.1.90",
            "subnet_id": "4c9ce489-d57f-4832-8cd7-e0a63178eb43",
            "tags": {},
            "timeouts": null,
            "vpc_id": "a320499f-b001-4e1e-a9a6-ed33392b0f9c"
          },
          "sensitive_attributes": [],
          "private": "eyJlMmJmYjczMC1lY2FhLTExZTYtOGY4OC0zNDM2M2JjN2M0YzAiOnsiY3JlYXRlIjozMDAwMDAwMDAwMDAsImRlbGV0ZSI6NjAwMDAwMDAwMDAwfX0=",
          "dependencies": [
            "data.huaweicloud_availability_zones.zones",
            "huaweicloud_vpc.my_vpc"
          ]
        }
      ]
    },
    {
      "mode": "managed",
      "type": "huaweicloud_vpc_subnet",
      "name": "subnet-ecs-1",
      "provider": "provider[\"registry.terraform.io/huaweicloud/huaweicloud\"]",
      "instances": [
        {
          "schema_version": 0,
          "attributes": {
            "availability_zone": "sa-brazil-1b",
            "cidr": "172.16.0.0/24",
            "description": "",
            "dhcp_enable": true,
            "dhcp_lease_time": "87600h",
            "dns_list": [
              "100.125.1.22",
              "100.125.1.90"
            ],
            "gateway_ip": "172.16.0.1",
            "id": "02247cd2-64b4-4986-a631-37ad97f30f27",
            "ipv4_subnet_id": "55222ebc-abc1-413a-91fb-c294395cabdb",
            "ipv6_cidr": "",
            "ipv6_enable": false,
            "ipv6_gateway": "",
            "ipv6_subnet_id": "",
            "name": "subnet-ecs-1",
            "ntp_server_address": null,
            "primary_dns": "100.125.1.22",
            "region": "sa-brazil-1",
            "secondary_dns": "100.125.1.90",
            "subnet_id": "55222ebc-abc1-413a-91fb-c294395cabdb",
            "tags": {},
            "timeouts": null,
            "vpc_id": "a320499f-b001-4e1e-a9a6-ed33392b0f9c"
          },
          "sensitive_attributes": [],
          "private": "eyJlMmJmYjczMC1lY2FhLTExZTYtOGY4OC0zNDM2M2JjN2M0YzAiOnsiY3JlYXRlIjozMDAwMDAwMDAwMDAsImRlbGV0ZSI6NjAwMDAwMDAwMDAwfX0=",
          "dependencies": [
            "data.huaweicloud_availability_zones.zones",
            "huaweicloud_vpc.my_vpc"
          ]
        }
      ]
    }
  ],
  "check_results": null
}
